
Microsoft Visual Studio Solution File, Format Version 12.00
# Visual Studio Version 17
VisualStudioVersion = 17.2.32519.379
MinimumVisualStudioVersion = 10.0.40219.1
Project("{2150E333-8FDC-42A3-9474-1A3956D46DE8}") = "src", "src", "{19EB2A18-1BC8-444F-A0B7-A7430B46BECC}"
EndProject
Project("{2150E333-8FDC-42A3-9474-1A3956D46DE8}") = "notes", "notes", "{4FDE5E83-1D13-46D4-BC2B-769B834FA9D2}"
EndProject
Project("{2150E333-8FDC-42A3-9474-1A3956D46DE8}") = "BlockingBlocks", "BlockingBlocks", "{6583598F-C196-474C-92F3-FCB7BB83925A}"
EndProject
Project("{2150E333-8FDC-42A3-9474-1A3956D46DE8}") = "WebUI", "WebUI", "{309C9236-6E0B-473C-83D5-4AEA23C33350}"
EndProject
Project("{2150E333-8FDC-42A3-9474-1A3956D46DE8}") = "Services", "Services", "{2F9C63BB-C542-41D6-88B3-972DBF48234A}"
EndProject
Project("{2150E333-8FDC-42A3-9474-1A3956D46DE8}") = "ApiGateways", "ApiGateways", "{FD785FA2-3EE1-4A7B-B3C0-94835604DC50}"
EndProject
Project("{9A19103F-16F7-4668-BE54-9A1E7A4F7556}") = "FoodDelivery.ApiGateway", "ApiGateways\FoodDelivery.ApiGateway\FoodDelivery.ApiGateway.csproj", "{9B092848-6DC1-4DFB-AF26-FCAFBA5C21AB}"
EndProject
Project("{2150E333-8FDC-42A3-9474-1A3956D46DE8}") = "EventBus", "EventBus", "{19F06137-E2ED-42B5-A6EE-32F3E4886B3B}"
EndProject
Project("{9A19103F-16F7-4668-BE54-9A1E7A4F7556}") = "FoodDelivery.EventBus.Base", "BlockingBlocks\EventBus\FoodDelivery.EventBus.Base\FoodDelivery.EventBus.Base.csproj", "{0DC07B68-0F68-47E5-B291-CB04E44E72F9}"
EndProject
Project("{9A19103F-16F7-4668-BE54-9A1E7A4F7556}") = "FoodDelivery.EventBus.RabbitMq", "BlockingBlocks\EventBus\FoodDelivery.EventBus.RabbitMq\FoodDelivery.EventBus.RabbitMq.csproj", "{59B89008-CA95-4EC6-8BDE-33A04B88F709}"
EndProject
Project("{2150E333-8FDC-42A3-9474-1A3956D46DE8}") = "Test", "Test", "{62D3C26F-D507-4AB8-8418-8A1369B6733F}"
EndProject
Project("{9A19103F-16F7-4668-BE54-9A1E7A4F7556}") = "FoodDelivery.EventBus.Test", "BlockingBlocks\EventBus\Test\FoodDelivery.EventBus.Test\FoodDelivery.EventBus.Test.csproj", "{E4981539-6961-431D-A77B-AF21BCE24BEB}"
EndProject
Project("{2150E333-8FDC-42A3-9474-1A3956D46DE8}") = "UserService", "UserService", "{F9A7DED2-F4A6-42E5-8455-EA2E0E7598C9}"
EndProject
Project("{2150E333-8FDC-42A3-9474-1A3956D46DE8}") = "RestaurantService", "RestaurantService", "{BDCBBE02-CC35-4134-9163-E2152F6A587D}"
EndProject
Project("{2150E333-8FDC-42A3-9474-1A3956D46DE8}") = "OrderingService", "OrderingService", "{2D872A5C-8770-4B78-80B6-763EED367A8B}"
EndProject
Project("{2150E333-8FDC-42A3-9474-1A3956D46DE8}") = "BasketService", "BasketService", "{91D7A316-CE97-4790-AFDE-EA667D433AC5}"
EndProject
Project("{2150E333-8FDC-42A3-9474-1A3956D46DE8}") = "AddressService", "AddressService", "{AA00DB5D-6E06-4817-8DE6-DF86CEE72FA6}"
EndProject
Project("{2150E333-8FDC-42A3-9474-1A3956D46DE8}") = "PaymentService", "PaymentService", "{221E4E9A-06D3-433A-AF89-003263E850D6}"
EndProject
Project("{2150E333-8FDC-42A3-9474-1A3956D46DE8}") = "ProductService", "ProductService", "{7ECA3FA3-B033-40A0-BC31-D71FDBF3BFB6}"
EndProject
Project("{2150E333-8FDC-42A3-9474-1A3956D46DE8}") = "NotificationService", "NotificationService", "{90E708D2-A04C-4BD6-B6AC-FB05FAFE8475}"
EndProject
Project("{9A19103F-16F7-4668-BE54-9A1E7A4F7556}") = "FoodDelivery.Address.API", "Services\AddressService\FoodDelivery.Address.API\FoodDelivery.Address.API.csproj", "{47A579CA-10A2-4CFC-B4D2-211CCED259CC}"
EndProject
Project("{9A19103F-16F7-4668-BE54-9A1E7A4F7556}") = "FoodDelivery.Basket.API", "Services\BasketService\FoodDelivery.Basket.API\FoodDelivery.Basket.API.csproj", "{CC751188-333F-429D-836E-F630E5A8F379}"
EndProject
Project("{9A19103F-16F7-4668-BE54-9A1E7A4F7556}") = "FoodDelivery.Notification", "Services\NotificationService\FoodDelivery.Notification\FoodDelivery.Notification.csproj", "{5E7E5B81-F128-40BD-9ED7-C30DF02C51C5}"
EndProject
Project("{9A19103F-16F7-4668-BE54-9A1E7A4F7556}") = "FoodDelivery.Payment", "Services\PaymentService\FoodDelivery.Payment\FoodDelivery.Payment.csproj", "{53678C8C-1578-4548-96BF-D3672DBCFB5F}"
EndProject
Project("{9A19103F-16F7-4668-BE54-9A1E7A4F7556}") = "FoodDelivery.Product.API", "Services\ProductService\FoodDelivery.Product.API\FoodDelivery.Product.API.csproj", "{3206C677-87E8-4B92-9486-1BE51F6DFE4F}"
EndProject
Project("{9A19103F-16F7-4668-BE54-9A1E7A4F7556}") = "FoodDelivery.User.API", "Services\UserService\FoodDelivery.User.API\FoodDelivery.User.API.csproj", "{A0B7E840-F4A5-440B-827F-7C933F37D7D0}"
EndProject
Project("{9A19103F-16F7-4668-BE54-9A1E7A4F7556}") = "FoodDelivery.Restaurant.API", "Services\RestaurantService\FoodDelivery.Restaurant.API\FoodDelivery.Restaurant.API.csproj", "{9E8759E5-ECBD-4DEB-BB9D-93BE0E9B3D9B}"
EndProject
Project("{FAE04EC0-301F-11D3-BF4B-00C04F79EFBC}") = "FoodDelivery.Ordering.Infrastructure", "Services\OrderingService\FoodDelivery.Ordering.Infrastructure\FoodDelivery.Ordering.Infrastructure.csproj", "{62E70E3C-EE87-4F9B-A729-B3402C661A78}"
EndProject
Project("{FAE04EC0-301F-11D3-BF4B-00C04F79EFBC}") = "FoodDelivery.Ordering.Domain", "Services\OrderingService\FoodDelivery.Ordering.Domain\FoodDelivery.Ordering.Domain.csproj", "{13DDA437-6253-4A0E-BDAC-4E12B23F7F2F}"
EndProject
Project("{FAE04EC0-301F-11D3-BF4B-00C04F79EFBC}") = "FoodDelivery.Ordering.Application", "Services\OrderingService\FoodDelivery.Ordering.Application\FoodDelivery.Ordering.Application.csproj", "{5EB23E32-2D56-40B2-91AC-0191DC5D5963}"
EndProject
Project("{FAE04EC0-301F-11D3-BF4B-00C04F79EFBC}") = "FoodDelivery.Ordering.API", "Services\OrderingService\FoodDelivery.Ordering.API\FoodDelivery.Ordering.API.csproj", "{519B0BC0-E07A-4154-A2B8-41AB8A413020}"
EndProject
Project("{FAE04EC0-301F-11D3-BF4B-00C04F79EFBC}") = "FoodDelivery.WebUI", "FoodDelivery.WebUI\FoodDelivery.WebUI.csproj", "{8E13AF97-D98F-4C1E-BB30-952EEBFBE22B}"
EndProject
Global
	GlobalSection(SolutionConfigurationPlatforms) = preSolution
		Debug|Any CPU = Debug|Any CPU
		Release|Any CPU = Release|Any CPU
	EndGlobalSection
	GlobalSection(ProjectConfigurationPlatforms) = postSolution
		{9B092848-6DC1-4DFB-AF26-FCAFBA5C21AB}.Debug|Any CPU.ActiveCfg = Debug|Any CPU
		{9B092848-6DC1-4DFB-AF26-FCAFBA5C21AB}.Debug|Any CPU.Build.0 = Debug|Any CPU
		{9B092848-6DC1-4DFB-AF26-FCAFBA5C21AB}.Release|Any CPU.ActiveCfg = Release|Any CPU
		{9B092848-6DC1-4DFB-AF26-FCAFBA5C21AB}.Release|Any CPU.Build.0 = Release|Any CPU
		{0DC07B68-0F68-47E5-B291-CB04E44E72F9}.Debug|Any CPU.ActiveCfg = Debug|Any CPU
		{0DC07B68-0F68-47E5-B291-CB04E44E72F9}.Debug|Any CPU.Build.0 = Debug|Any CPU
		{0DC07B68-0F68-47E5-B291-CB04E44E72F9}.Release|Any CPU.ActiveCfg = Release|Any CPU
		{0DC07B68-0F68-47E5-B291-CB04E44E72F9}.Release|Any CPU.Build.0 = Release|Any CPU
		{59B89008-CA95-4EC6-8BDE-33A04B88F709}.Debug|Any CPU.ActiveCfg = Debug|Any CPU
		{59B89008-CA95-4EC6-8BDE-33A04B88F709}.Debug|Any CPU.Build.0 = Debug|Any CPU
		{59B89008-CA95-4EC6-8BDE-33A04B88F709}.Release|Any CPU.ActiveCfg = Release|Any CPU
		{59B89008-CA95-4EC6-8BDE-33A04B88F709}.Release|Any CPU.Build.0 = Release|Any CPU
		{E4981539-6961-431D-A77B-AF21BCE24BEB}.Debug|Any CPU.ActiveCfg = Debug|Any CPU
		{E4981539-6961-431D-A77B-AF21BCE24BEB}.Debug|Any CPU.Build.0 = Debug|Any CPU
		{E4981539-6961-431D-A77B-AF21BCE24BEB}.Release|Any CPU.ActiveCfg = Release|Any CPU
		{E4981539-6961-431D-A77B-AF21BCE24BEB}.Release|Any CPU.Build.0 = Release|Any CPU
		{47A579CA-10A2-4CFC-B4D2-211CCED259CC}.Debug|Any CPU.ActiveCfg = Debug|Any CPU
		{47A579CA-10A2-4CFC-B4D2-211CCED259CC}.Debug|Any CPU.Build.0 = Debug|Any CPU
		{47A579CA-10A2-4CFC-B4D2-211CCED259CC}.Release|Any CPU.ActiveCfg = Release|Any CPU
		{47A579CA-10A2-4CFC-B4D2-211CCED259CC}.Release|Any CPU.Build.0 = Release|Any CPU
		{CC751188-333F-429D-836E-F630E5A8F379}.Debug|Any CPU.ActiveCfg = Debug|Any CPU
		{CC751188-333F-429D-836E-F630E5A8F379}.Debug|Any CPU.Build.0 = Debug|Any CPU
		{CC751188-333F-429D-836E-F630E5A8F379}.Release|Any CPU.ActiveCfg = Release|Any CPU
		{CC751188-333F-429D-836E-F630E5A8F379}.Release|Any CPU.Build.0 = Release|Any CPU
		{5E7E5B81-F128-40BD-9ED7-C30DF02C51C5}.Debug|Any CPU.ActiveCfg = Debug|Any CPU
		{5E7E5B81-F128-40BD-9ED7-C30DF02C51C5}.Debug|Any CPU.Build.0 = Debug|Any CPU
		{5E7E5B81-F128-40BD-9ED7-C30DF02C51C5}.Release|Any CPU.ActiveCfg = Release|Any CPU
		{5E7E5B81-F128-40BD-9ED7-C30DF02C51C5}.Release|Any CPU.Build.0 = Release|Any CPU
		{53678C8C-1578-4548-96BF-D3672DBCFB5F}.Debug|Any CPU.ActiveCfg = Debug|Any CPU
		{53678C8C-1578-4548-96BF-D3672DBCFB5F}.Debug|Any CPU.Build.0 = Debug|Any CPU
		{53678C8C-1578-4548-96BF-D3672DBCFB5F}.Release|Any CPU.ActiveCfg = Release|Any CPU
		{53678C8C-1578-4548-96BF-D3672DBCFB5F}.Release|Any CPU.Build.0 = Release|Any CPU
		{3206C677-87E8-4B92-9486-1BE51F6DFE4F}.Debug|Any CPU.ActiveCfg = Debug|Any CPU
		{3206C677-87E8-4B92-9486-1BE51F6DFE4F}.Debug|Any CPU.Build.0 = Debug|Any CPU
		{3206C677-87E8-4B92-9486-1BE51F6DFE4F}.Release|Any CPU.ActiveCfg = Release|Any CPU
		{3206C677-87E8-4B92-9486-1BE51F6DFE4F}.Release|Any CPU.Build.0 = Release|Any CPU
		{A0B7E840-F4A5-440B-827F-7C933F37D7D0}.Debug|Any CPU.ActiveCfg = Debug|Any CPU
		{A0B7E840-F4A5-440B-827F-7C933F37D7D0}.Debug|Any CPU.Build.0 = Debug|Any CPU
		{A0B7E840-F4A5-440B-827F-7C933F37D7D0}.Release|Any CPU.ActiveCfg = Release|Any CPU
		{A0B7E840-F4A5-440B-827F-7C933F37D7D0}.Release|Any CPU.Build.0 = Release|Any CPU
		{9E8759E5-ECBD-4DEB-BB9D-93BE0E9B3D9B}.Debug|Any CPU.ActiveCfg = Debug|Any CPU
		{9E8759E5-ECBD-4DEB-BB9D-93BE0E9B3D9B}.Debug|Any CPU.Build.0 = Debug|Any CPU
		{9E8759E5-ECBD-4DEB-BB9D-93BE0E9B3D9B}.Release|Any CPU.ActiveCfg = Release|Any CPU
		{9E8759E5-ECBD-4DEB-BB9D-93BE0E9B3D9B}.Release|Any CPU.Build.0 = Release|Any CPU
		{62E70E3C-EE87-4F9B-A729-B3402C661A78}.Debug|Any CPU.ActiveCfg = Debug|Any CPU
		{62E70E3C-EE87-4F9B-A729-B3402C661A78}.Debug|Any CPU.Build.0 = Debug|Any CPU
		{62E70E3C-EE87-4F9B-A729-B3402C661A78}.Release|Any CPU.ActiveCfg = Release|Any CPU
		{62E70E3C-EE87-4F9B-A729-B3402C661A78}.Release|Any CPU.Build.0 = Release|Any CPU
		{13DDA437-6253-4A0E-BDAC-4E12B23F7F2F}.Debug|Any CPU.ActiveCfg = Debug|Any CPU
		{13DDA437-6253-4A0E-BDAC-4E12B23F7F2F}.Debug|Any CPU.Build.0 = Debug|Any CPU
		{13DDA437-6253-4A0E-BDAC-4E12B23F7F2F}.Release|Any CPU.ActiveCfg = Release|Any CPU
		{13DDA437-6253-4A0E-BDAC-4E12B23F7F2F}.Release|Any CPU.Build.0 = Release|Any CPU
		{5EB23E32-2D56-40B2-91AC-0191DC5D5963}.Debug|Any CPU.ActiveCfg = Debug|Any CPU
		{5EB23E32-2D56-40B2-91AC-0191DC5D5963}.Debug|Any CPU.Build.0 = Debug|Any CPU
		{5EB23E32-2D56-40B2-91AC-0191DC5D5963}.Release|Any CPU.ActiveCfg = Release|Any CPU
		{5EB23E32-2D56-40B2-91AC-0191DC5D5963}.Release|Any CPU.Build.0 = Release|Any CPU
		{519B0BC0-E07A-4154-A2B8-41AB8A413020}.Debug|Any CPU.ActiveCfg = Debug|Any CPU
		{519B0BC0-E07A-4154-A2B8-41AB8A413020}.Debug|Any CPU.Build.0 = Debug|Any CPU
		{519B0BC0-E07A-4154-A2B8-41AB8A413020}.Release|Any CPU.ActiveCfg = Release|Any CPU
		{519B0BC0-E07A-4154-A2B8-41AB8A413020}.Release|Any CPU.Build.0 = Release|Any CPU
		{8E13AF97-D98F-4C1E-BB30-952EEBFBE22B}.Debug|Any CPU.ActiveCfg = Debug|Any CPU
		{8E13AF97-D98F-4C1E-BB30-952EEBFBE22B}.Debug|Any CPU.Build.0 = Debug|Any CPU
		{8E13AF97-D98F-4C1E-BB30-952EEBFBE22B}.Release|Any CPU.ActiveCfg = Release|Any CPU
		{8E13AF97-D98F-4C1E-BB30-952EEBFBE22B}.Release|Any CPU.Build.0 = Release|Any CPU
	EndGlobalSection
	GlobalSection(SolutionProperties) = preSolution
		HideSolutionNode = FALSE
	EndGlobalSection
	GlobalSection(NestedProjects) = preSolution
		{6583598F-C196-474C-92F3-FCB7BB83925A} = {19EB2A18-1BC8-444F-A0B7-A7430B46BECC}
		{309C9236-6E0B-473C-83D5-4AEA23C33350} = {19EB2A18-1BC8-444F-A0B7-A7430B46BECC}
		{2F9C63BB-C542-41D6-88B3-972DBF48234A} = {19EB2A18-1BC8-444F-A0B7-A7430B46BECC}
		{FD785FA2-3EE1-4A7B-B3C0-94835604DC50} = {19EB2A18-1BC8-444F-A0B7-A7430B46BECC}
		{9B092848-6DC1-4DFB-AF26-FCAFBA5C21AB} = {FD785FA2-3EE1-4A7B-B3C0-94835604DC50}
		{19F06137-E2ED-42B5-A6EE-32F3E4886B3B} = {6583598F-C196-474C-92F3-FCB7BB83925A}
		{0DC07B68-0F68-47E5-B291-CB04E44E72F9} = {19F06137-E2ED-42B5-A6EE-32F3E4886B3B}
		{59B89008-CA95-4EC6-8BDE-33A04B88F709} = {19F06137-E2ED-42B5-A6EE-32F3E4886B3B}
		{62D3C26F-D507-4AB8-8418-8A1369B6733F} = {19F06137-E2ED-42B5-A6EE-32F3E4886B3B}
		{E4981539-6961-431D-A77B-AF21BCE24BEB} = {62D3C26F-D507-4AB8-8418-8A1369B6733F}
		{F9A7DED2-F4A6-42E5-8455-EA2E0E7598C9} = {2F9C63BB-C542-41D6-88B3-972DBF48234A}
		{BDCBBE02-CC35-4134-9163-E2152F6A587D} = {2F9C63BB-C542-41D6-88B3-972DBF48234A}
		{2D872A5C-8770-4B78-80B6-763EED367A8B} = {2F9C63BB-C542-41D6-88B3-972DBF48234A}
		{91D7A316-CE97-4790-AFDE-EA667D433AC5} = {2F9C63BB-C542-41D6-88B3-972DBF48234A}
		{AA00DB5D-6E06-4817-8DE6-DF86CEE72FA6} = {2F9C63BB-C542-41D6-88B3-972DBF48234A}
		{221E4E9A-06D3-433A-AF89-003263E850D6} = {2F9C63BB-C542-41D6-88B3-972DBF48234A}
		{7ECA3FA3-B033-40A0-BC31-D71FDBF3BFB6} = {2F9C63BB-C542-41D6-88B3-972DBF48234A}
		{90E708D2-A04C-4BD6-B6AC-FB05FAFE8475} = {2F9C63BB-C542-41D6-88B3-972DBF48234A}
		{47A579CA-10A2-4CFC-B4D2-211CCED259CC} = {AA00DB5D-6E06-4817-8DE6-DF86CEE72FA6}
		{CC751188-333F-429D-836E-F630E5A8F379} = {91D7A316-CE97-4790-AFDE-EA667D433AC5}
		{5E7E5B81-F128-40BD-9ED7-C30DF02C51C5} = {90E708D2-A04C-4BD6-B6AC-FB05FAFE8475}
		{53678C8C-1578-4548-96BF-D3672DBCFB5F} = {221E4E9A-06D3-433A-AF89-003263E850D6}
		{3206C677-87E8-4B92-9486-1BE51F6DFE4F} = {7ECA3FA3-B033-40A0-BC31-D71FDBF3BFB6}
		{A0B7E840-F4A5-440B-827F-7C933F37D7D0} = {F9A7DED2-F4A6-42E5-8455-EA2E0E7598C9}
		{9E8759E5-ECBD-4DEB-BB9D-93BE0E9B3D9B} = {BDCBBE02-CC35-4134-9163-E2152F6A587D}
		{62E70E3C-EE87-4F9B-A729-B3402C661A78} = {2D872A5C-8770-4B78-80B6-763EED367A8B}
		{13DDA437-6253-4A0E-BDAC-4E12B23F7F2F} = {2D872A5C-8770-4B78-80B6-763EED367A8B}
		{5EB23E32-2D56-40B2-91AC-0191DC5D5963} = {2D872A5C-8770-4B78-80B6-763EED367A8B}
		{519B0BC0-E07A-4154-A2B8-41AB8A413020} = {2D872A5C-8770-4B78-80B6-763EED367A8B}
		{8E13AF97-D98F-4C1E-BB30-952EEBFBE22B} = {309C9236-6E0B-473C-83D5-4AEA23C33350}
	EndGlobalSection
	GlobalSection(ExtensibilityGlobals) = postSolution
		SolutionGuid = {3980EFFD-249C-454B-AEB4-906947B014F1}
	EndGlobalSection
EndGlobal
